// !$*UTF8*$!
{
	archiveVersion = 1;
	classes = {
	};
	objectVersion = 51;
	objects = {

/* Begin PBXBuildFile section */
		0027789424A8905E00AF2C9B /* detailedArticles.swift in Sources */ = {isa = PBXBuildFile; fileRef = 0027789324A8905E00AF2C9B /* detailedArticles.swift */; };
		0027789724A8947300AF2C9B /* navigations.swift in Sources */ = {isa = PBXBuildFile; fileRef = 0027789624A8947300AF2C9B /* navigations.swift */; };
		0027789B24A89F6C00AF2C9B /* presenter.swift in Sources */ = {isa = PBXBuildFile; fileRef = 0027789A24A89F6C00AF2C9B /* presenter.swift */; };
		0027789D24A89F8200AF2C9B /* detailedRouter.swift in Sources */ = {isa = PBXBuildFile; fileRef = 0027789C24A89F8200AF2C9B /* detailedRouter.swift */; };
		0027789F24A89F9100AF2C9B /* detailedInteractor.swift in Sources */ = {isa = PBXBuildFile; fileRef = 0027789E24A89F9100AF2C9B /* detailedInteractor.swift */; };
		004872DA24A7FBD10004F647 /* articlesModels.swift in Sources */ = {isa = PBXBuildFile; fileRef = 004872D924A7FBD10004F647 /* articlesModels.swift */; };
		004872DC24A7FC290004F647 /* ArticlePresenter.swift in Sources */ = {isa = PBXBuildFile; fileRef = 004872DB24A7FC290004F647 /* ArticlePresenter.swift */; };
		004872DE24A7FC9D0004F647 /* ArticlesRouter.swift in Sources */ = {isa = PBXBuildFile; fileRef = 004872DD24A7FC9D0004F647 /* ArticlesRouter.swift */; };
		004872E024A7FCAF0004F647 /* ArticlesInteractor.swift in Sources */ = {isa = PBXBuildFile; fileRef = 004872DF24A7FCAF0004F647 /* ArticlesInteractor.swift */; };
		004872E224A7FCBC0004F647 /* ArticleBuilder.swift in Sources */ = {isa = PBXBuildFile; fileRef = 004872E124A7FCBC0004F647 /* ArticleBuilder.swift */; };
		004872E424A7FD7B0004F647 /* ArticleTableViewCell.swift in Sources */ = {isa = PBXBuildFile; fileRef = 004872E324A7FD7B0004F647 /* ArticleTableViewCell.swift */; };
		004872E824A7FF6E0004F647 /* constants.swift in Sources */ = {isa = PBXBuildFile; fileRef = 004872E724A7FF6E0004F647 /* constants.swift */; };
		004872EB24A804560004F647 /* services.swift in Sources */ = {isa = PBXBuildFile; fileRef = 004872EA24A804560004F647 /* services.swift */; };
		004F5A1224A9277400022199 /* detailedBuilder.swift in Sources */ = {isa = PBXBuildFile; fileRef = 004F5A1124A9277400022199 /* detailedBuilder.swift */; };
		0056AB0424A795CA006A9195 /* AppDelegate.swift in Sources */ = {isa = PBXBuildFile; fileRef = 0056AB0324A795CA006A9195 /* AppDelegate.swift */; };
		0056AB0624A795CA006A9195 /* SceneDelegate.swift in Sources */ = {isa = PBXBuildFile; fileRef = 0056AB0524A795CA006A9195 /* SceneDelegate.swift */; };
		0056AB0824A795CA006A9195 /* ViewController.swift in Sources */ = {isa = PBXBuildFile; fileRef = 0056AB0724A795CA006A9195 /* ViewController.swift */; };
		0056AB0B24A795CA006A9195 /* Main.storyboard in Resources */ = {isa = PBXBuildFile; fileRef = 0056AB0924A795CA006A9195 /* Main.storyboard */; };
		0056AB0E24A795CA006A9195 /* viperDemo.xcdatamodeld in Sources */ = {isa = PBXBuildFile; fileRef = 0056AB0C24A795CA006A9195 /* viperDemo.xcdatamodeld */; };
		0056AB1024A795CB006A9195 /* Assets.xcassets in Resources */ = {isa = PBXBuildFile; fileRef = 0056AB0F24A795CB006A9195 /* Assets.xcassets */; };
		0056AB1324A795CB006A9195 /* LaunchScreen.storyboard in Resources */ = {isa = PBXBuildFile; fileRef = 0056AB1124A795CB006A9195 /* LaunchScreen.storyboard */; };
		0056AB1E24A795CC006A9195 /* viperDemoTests.swift in Sources */ = {isa = PBXBuildFile; fileRef = 0056AB1D24A795CC006A9195 /* viperDemoTests.swift */; };
		0056AB2924A795CC006A9195 /* viperDemoUITests.swift in Sources */ = {isa = PBXBuildFile; fileRef = 0056AB2824A795CC006A9195 /* viperDemoUITests.swift */; };
		043E02680D32DC6C3ECE0A75 /* Pods_viperDemo.framework in Frameworks */ = {isa = PBXBuildFile; fileRef = BE39B631F0CDAB834C8B4C72 /* Pods_viperDemo.framework */; };
		7BBD79FD3AF3A0D65C31BF86 /* Pods_viperDemoTests.framework in Frameworks */ = {isa = PBXBuildFile; fileRef = 8D3F5C8B969A1E5D66D034F3 /* Pods_viperDemoTests.framework */; };
		D943B8FA88CD447B01F138B5 /* Pods_viperDemo_viperDemoUITests.framework in Frameworks */ = {isa = PBXBuildFile; fileRef = 3E5C221439CDC7D2C047D8A8 /* Pods_viperDemo_viperDemoUITests.framework */; };
/* End PBXBuildFile section */

/* Begin PBXContainerItemProxy section */
		0056AB1A24A795CC006A9195 /* PBXContainerItemProxy */ = {
			isa = PBXContainerItemProxy;
			containerPortal = 0056AAF824A795C9006A9195 /* Project object */;
			proxyType = 1;
			remoteGlobalIDString = 0056AAFF24A795C9006A9195;
			remoteInfo = viperDemo;
		};
		0056AB2524A795CC006A9195 /* PBXContainerItemProxy */ = {
			isa = PBXContainerItemProxy;
			containerPortal = 0056AAF824A795C9006A9195 /* Project object */;
			proxyType = 1;
			remoteGlobalIDString = 0056AAFF24A795C9006A9195;
			remoteInfo = viperDemo;
		};
/* End PBXContainerItemProxy section */

/* Begin PBXFileReference section */
		0027789324A8905E00AF2C9B /* detailedArticles.swift */ = {isa = PBXFileReference; lastKnownFileType = sourcecode.swift; path = detailedArticles.swift; sourceTree = "<group>"; };
		0027789624A8947300AF2C9B /* navigations.swift */ = {isa = PBXFileReference; lastKnownFileType = sourcecode.swift; path = navigations.swift; sourceTree = "<group>"; };
		0027789A24A89F6C00AF2C9B /* presenter.swift */ = {isa = PBXFileReference; lastKnownFileType = sourcecode.swift; path = presenter.swift; sourceTree = "<group>"; };
		0027789C24A89F8200AF2C9B /* detailedRouter.swift */ = {isa = PBXFileReference; lastKnownFileType = sourcecode.swift; path = detailedRouter.swift; sourceTree = "<group>"; };
		0027789E24A89F9100AF2C9B /* detailedInteractor.swift */ = {isa = PBXFileReference; lastKnownFileType = sourcecode.swift; path = detailedInteractor.swift; sourceTree = "<group>"; };
		004872D924A7FBD10004F647 /* articlesModels.swift */ = {isa = PBXFileReference; lastKnownFileType = sourcecode.swift; path = articlesModels.swift; sourceTree = "<group>"; };
		004872DB24A7FC290004F647 /* ArticlePresenter.swift */ = {isa = PBXFileReference; lastKnownFileType = sourcecode.swift; path = ArticlePresenter.swift; sourceTree = "<group>"; };
		004872DD24A7FC9D0004F647 /* ArticlesRouter.swift */ = {isa = PBXFileReference; lastKnownFileType = sourcecode.swift; path = ArticlesRouter.swift; sourceTree = "<group>"; };
		004872DF24A7FCAF0004F647 /* ArticlesInteractor.swift */ = {isa = PBXFileReference; lastKnownFileType = sourcecode.swift; path = ArticlesInteractor.swift; sourceTree = "<group>"; };
		004872E124A7FCBC0004F647 /* ArticleBuilder.swift */ = {isa = PBXFileReference; lastKnownFileType = sourcecode.swift; path = ArticleBuilder.swift; sourceTree = "<group>"; };
		004872E324A7FD7B0004F647 /* ArticleTableViewCell.swift */ = {isa = PBXFileReference; lastKnownFileType = sourcecode.swift; path = ArticleTableViewCell.swift; sourceTree = "<group>"; };
		004872E724A7FF6E0004F647 /* constants.swift */ = {isa = PBXFileReference; lastKnownFileType = sourcecode.swift; path = constants.swift; sourceTree = "<group>"; };
		004872EA24A804560004F647 /* services.swift */ = {isa = PBXFileReference; lastKnownFileType = sourcecode.swift; path = services.swift; sourceTree = "<group>"; };
		004F5A1124A9277400022199 /* detailedBuilder.swift */ = {isa = PBXFileReference; lastKnownFileType = sourcecode.swift; path = detailedBuilder.swift; sourceTree = "<group>"; };
		0056AB0024A795CA006A9195 /* viperDemo.app */ = {isa = PBXFileReference; explicitFileType = wrapper.application; includeInIndex = 0; path = viperDemo.app; sourceTree = BUILT_PRODUCTS_DIR; };
		0056AB0324A795CA006A9195 /* AppDelegate.swift */ = {isa = PBXFileReference; lastKnownFileType = sourcecode.swift; path = AppDelegate.swift; sourceTree = "<group>"; };
		0056AB0524A795CA006A9195 /* SceneDelegate.swift */ = {isa = PBXFileReference; lastKnownFileType = sourcecode.swift; path = SceneDelegate.swift; sourceTree = "<group>"; };
		0056AB0724A795CA006A9195 /* ViewController.swift */ = {isa = PBXFileReference; lastKnownFileType = sourcecode.swift; path = ViewController.swift; sourceTree = "<group>"; };
		0056AB0A24A795CA006A9195 /* Base */ = {isa = PBXFileReference; lastKnownFileType = file.storyboard; name = Base; path = Base.lproj/Main.storyboard; sourceTree = "<group>"; };
		0056AB0D24A795CA006A9195 /* viperDemo.xcdatamodel */ = {isa = PBXFileReference; lastKnownFileType = wrapper.xcdatamodel; path = viperDemo.xcdatamodel; sourceTree = "<group>"; };
		0056AB0F24A795CB006A9195 /* Assets.xcassets */ = {isa = PBXFileReference; lastKnownFileType = folder.assetcatalog; path = Assets.xcassets; sourceTree = "<group>"; };
		0056AB1224A795CB006A9195 /* Base */ = {isa = PBXFileReference; lastKnownFileType = file.storyboard; name = Base; path = Base.lproj/LaunchScreen.storyboard; sourceTree = "<group>"; };
		0056AB1424A795CB006A9195 /* Info.plist */ = {isa = PBXFileReference; lastKnownFileType = text.plist.xml; path = Info.plist; sourceTree = "<group>"; };
		0056AB1924A795CC006A9195 /* viperDemoTests.xctest */ = {isa = PBXFileReference; explicitFileType = wrapper.cfbundle; includeInIndex = 0; path = viperDemoTests.xctest; sourceTree = BUILT_PRODUCTS_DIR; };
		0056AB1D24A795CC006A9195 /* viperDemoTests.swift */ = {isa = PBXFileReference; lastKnownFileType = sourcecode.swift; path = viperDemoTests.swift; sourceTree = "<group>"; };
		0056AB1F24A795CC006A9195 /* Info.plist */ = {isa = PBXFileReference; lastKnownFileType = text.plist.xml; path = Info.plist; sourceTree = "<group>"; };
		0056AB2424A795CC006A9195 /* viperDemoUITests.xctest */ = {isa = PBXFileReference; explicitFileType = wrapper.cfbundle; includeInIndex = 0; path = viperDemoUITests.xctest; sourceTree = BUILT_PRODUCTS_DIR; };
		0056AB2824A795CC006A9195 /* viperDemoUITests.swift */ = {isa = PBXFileReference; lastKnownFileType = sourcecode.swift; path = viperDemoUITests.swift; sourceTree = "<group>"; };
		0056AB2A24A795CC006A9195 /* Info.plist */ = {isa = PBXFileReference; lastKnownFileType = text.plist.xml; path = Info.plist; sourceTree = "<group>"; };
		1FB3323639A869B843DEF729 /* Pods-viperDemoTests.release.xcconfig */ = {isa = PBXFileReference; includeInIndex = 1; lastKnownFileType = text.xcconfig; name = "Pods-viperDemoTests.release.xcconfig"; path = "Target Support Files/Pods-viperDemoTests/Pods-viperDemoTests.release.xcconfig"; sourceTree = "<group>"; };
		25228C1A5177E23A0DBA2CD7 /* Pods-viperDemo-viperDemoUITests.debug.xcconfig */ = {isa = PBXFileReference; includeInIndex = 1; lastKnownFileType = text.xcconfig; name = "Pods-viperDemo-viperDemoUITests.debug.xcconfig"; path = "Target Support Files/Pods-viperDemo-viperDemoUITests/Pods-viperDemo-viperDemoUITests.debug.xcconfig"; sourceTree = "<group>"; };
		3E5C221439CDC7D2C047D8A8 /* Pods_viperDemo_viperDemoUITests.framework */ = {isa = PBXFileReference; explicitFileType = wrapper.framework; includeInIndex = 0; path = Pods_viperDemo_viperDemoUITests.framework; sourceTree = BUILT_PRODUCTS_DIR; };
		43B34F5EAE0CEA1ED347BA47 /* Pods-viperDemo.debug.xcconfig */ = {isa = PBXFileReference; includeInIndex = 1; lastKnownFileType = text.xcconfig; name = "Pods-viperDemo.debug.xcconfig"; path = "Target Support Files/Pods-viperDemo/Pods-viperDemo.debug.xcconfig"; sourceTree = "<group>"; };
		8D3F5C8B969A1E5D66D034F3 /* Pods_viperDemoTests.framework */ = {isa = PBXFileReference; explicitFileType = wrapper.framework; includeInIndex = 0; path = Pods_viperDemoTests.framework; sourceTree = BUILT_PRODUCTS_DIR; };
		B1BC5A2F91611CB91045C2E6 /* Pods-viperDemoTests.debug.xcconfig */ = {isa = PBXFileReference; includeInIndex = 1; lastKnownFileType = text.xcconfig; name = "Pods-viperDemoTests.debug.xcconfig"; path = "Target Support Files/Pods-viperDemoTests/Pods-viperDemoTests.debug.xcconfig"; sourceTree = "<group>"; };
		BE39B631F0CDAB834C8B4C72 /* Pods_viperDemo.framework */ = {isa = PBXFileReference; explicitFileType = wrapper.framework; includeInIndex = 0; path = Pods_viperDemo.framework; sourceTree = BUILT_PRODUCTS_DIR; };
		D64BEDC78DFED6F2A3A85F12 /* Pods-viperDemo-viperDemoUITests.release.xcconfig */ = {isa = PBXFileReference; includeInIndex = 1; lastKnownFileType = text.xcconfig; name = "Pods-viperDemo-viperDemoUITests.release.xcconfig"; path = "Target Support Files/Pods-viperDemo-viperDemoUITests/Pods-viperDemo-viperDemoUITests.release.xcconfig"; sourceTree = "<group>"; };
		E4E17202C45DCB6DDDB18CE9 /* Pods-viperDemo.release.xcconfig */ = {isa = PBXFileReference; includeInIndex = 1; lastKnownFileType = text.xcconfig; name = "Pods-viperDemo.release.xcconfig"; path = "Target Support Files/Pods-viperDemo/Pods-viperDemo.release.xcconfig"; sourceTree = "<group>"; };
/* End PBXFileReference section */

/* Begin PBXFrameworksBuildPhase section */
		0056AAFD24A795C9006A9195 /* Frameworks */ = {
			isa = PBXFrameworksBuildPhase;
			buildActionMask = 2147483647;
			files = (
				043E02680D32DC6C3ECE0A75 /* Pods_viperDemo.framework in Frameworks */,
			);
			runOnlyForDeploymentPostprocessing = 0;
		};
		0056AB1624A795CC006A9195 /* Frameworks */ = {
			isa = PBXFrameworksBuildPhase;
			buildActionMask = 2147483647;
			files = (
				7BBD79FD3AF3A0D65C31BF86 /* Pods_viperDemoTests.framework in Frameworks */,
			);
			runOnlyForDeploymentPostprocessing = 0;
		};
		0056AB2124A795CC006A9195 /* Frameworks */ = {
			isa = PBXFrameworksBuildPhase;
			buildActionMask = 2147483647;
			files = (
				D943B8FA88CD447B01F138B5 /* Pods_viperDemo_viperDemoUITests.framework in Frameworks */,
			);
			runOnlyForDeploymentPostprocessing = 0;
		};
/* End PBXFrameworksBuildPhase section */

/* Begin PBXGroup section */
		0027789224A8903E00AF2C9B /* Detailed Articles */ = {
			isa = PBXGroup;
			children = (
				0027789324A8905E00AF2C9B /* detailedArticles.swift */,
				0027789924A89F5100AF2C9B /* Detailed Modeuls */,
			);
			path = "Detailed Articles";
			sourceTree = "<group>";
		};
		0027789524A8945D00AF2C9B /* Navigations */ = {
			isa = PBXGroup;
			children = (
				0027789624A8947300AF2C9B /* navigations.swift */,
			);
			path = Navigations;
			sourceTree = "<group>";
		};
		0027789824A89F3600AF2C9B /* viper Modules */ = {
			isa = PBXGroup;
			children = (
				004872DB24A7FC290004F647 /* ArticlePresenter.swift */,
				004872DD24A7FC9D0004F647 /* ArticlesRouter.swift */,
				004872DF24A7FCAF0004F647 /* ArticlesInteractor.swift */,
				004872E124A7FCBC0004F647 /* ArticleBuilder.swift */,
			);
			path = "viper Modules";
			sourceTree = "<group>";
		};
		0027789924A89F5100AF2C9B /* Detailed Modeuls */ = {
			isa = PBXGroup;
			children = (
				0027789A24A89F6C00AF2C9B /* presenter.swift */,
				0027789C24A89F8200AF2C9B /* detailedRouter.swift */,
				0027789E24A89F9100AF2C9B /* detailedInteractor.swift */,
				004F5A1124A9277400022199 /* detailedBuilder.swift */,
			);
			path = "Detailed Modeuls";
			sourceTree = "<group>";
		};
		004872D324A7FB7F0004F647 /* sources */ = {
			isa = PBXGroup;
			children = (
				0056AB0F24A795CB006A9195 /* Assets.xcassets */,
				0056AB1124A795CB006A9195 /* LaunchScreen.storyboard */,
				0056AB0C24A795CA006A9195 /* viperDemo.xcdatamodeld */,
			);
			path = sources;
			sourceTree = "<group>";
		};
		004872D424A7FB920004F647 /* view */ = {
			isa = PBXGroup;
			children = (
				0056AB0924A795CA006A9195 /* Main.storyboard */,
			);
			path = view;
			sourceTree = "<group>";
		};
		004872D524A7FB9E0004F647 /* configuration */ = {
			isa = PBXGroup;
			children = (
				0056AB0324A795CA006A9195 /* AppDelegate.swift */,
				0056AB0524A795CA006A9195 /* SceneDelegate.swift */,
			);
			path = configuration;
			sourceTree = "<group>";
		};
		004872D624A7FBAA0004F647 /* scences */ = {
			isa = PBXGroup;
			children = (
				0027789224A8903E00AF2C9B /* Detailed Articles */,
				004872D724A7FBB40004F647 /* Articles */,
			);
			path = scences;
			sourceTree = "<group>";
		};
		004872D724A7FBB40004F647 /* Articles */ = {
			isa = PBXGroup;
			children = (
				0056AB0724A795CA006A9195 /* ViewController.swift */,
				0027789824A89F3600AF2C9B /* viper Modules */,
				004872E524A7FD7F0004F647 /* ArticleCells */,
			);
			path = Articles;
			sourceTree = "<group>";
		};
		004872D824A7FBC10004F647 /* Models */ = {
			isa = PBXGroup;
			children = (
				004872D924A7FBD10004F647 /* articlesModels.swift */,
			);
			path = Models;
			sourceTree = "<group>";
		};
		004872E524A7FD7F0004F647 /* ArticleCells */ = {
			isa = PBXGroup;
			children = (
				004872E324A7FD7B0004F647 /* ArticleTableViewCell.swift */,
			);
			path = ArticleCells;
			sourceTree = "<group>";
		};
		004872E624A7FF560004F647 /* constants */ = {
			isa = PBXGroup;
			children = (
				004872E724A7FF6E0004F647 /* constants.swift */,
			);
			path = constants;
			sourceTree = "<group>";
		};
		004872E924A804490004F647 /* services */ = {
			isa = PBXGroup;
			children = (
				004872EA24A804560004F647 /* services.swift */,
			);
			path = services;
			sourceTree = "<group>";
		};
		0056AAF724A795C9006A9195 = {
			isa = PBXGroup;
			children = (
				0056AB0224A795CA006A9195 /* viperDemo */,
				0056AB1C24A795CC006A9195 /* viperDemoTests */,
				0056AB2724A795CC006A9195 /* viperDemoUITests */,
				0056AB0124A795CA006A9195 /* Products */,
				93058A8F1503070B89DC1E0E /* Pods */,
				0292F6732CF04AD0E13339B4 /* Frameworks */,
			);
			sourceTree = "<group>";
		};
		0056AB0124A795CA006A9195 /* Products */ = {
			isa = PBXGroup;
			children = (
				0056AB0024A795CA006A9195 /* viperDemo.app */,
				0056AB1924A795CC006A9195 /* viperDemoTests.xctest */,
				0056AB2424A795CC006A9195 /* viperDemoUITests.xctest */,
			);
			name = Products;
			sourceTree = "<group>";
		};
		0056AB0224A795CA006A9195 /* viperDemo */ = {
			isa = PBXGroup;
			children = (
				0027789524A8945D00AF2C9B /* Navigations */,
				004872E924A804490004F647 /* services */,
				004872E624A7FF560004F647 /* constants */,
				004872D824A7FBC10004F647 /* Models */,
				004872D624A7FBAA0004F647 /* scences */,
				004872D524A7FB9E0004F647 /* configuration */,
				004872D424A7FB920004F647 /* view */,
				004872D324A7FB7F0004F647 /* sources */,
				0056AB1424A795CB006A9195 /* Info.plist */,
			);
			path = viperDemo;
			sourceTree = "<group>";
		};
		0056AB1C24A795CC006A9195 /* viperDemoTests */ = {
			isa = PBXGroup;
			children = (
				0056AB1D24A795CC006A9195 /* viperDemoTests.swift */,
				0056AB1F24A795CC006A9195 /* Info.plist */,
			);
			path = viperDemoTests;
			sourceTree = "<group>";
		};
		0056AB2724A795CC006A9195 /* viperDemoUITests */ = {
			isa = PBXGroup;
			children = (
				0056AB2824A795CC006A9195 /* viperDemoUITests.swift */,
				0056AB2A24A795CC006A9195 /* Info.plist */,
			);
			path = viperDemoUITests;
			sourceTree = "<group>";
		};
		0292F6732CF04AD0E13339B4 /* Frameworks */ = {
			isa = PBXGroup;
			children = (
				BE39B631F0CDAB834C8B4C72 /* Pods_viperDemo.framework */,
				3E5C221439CDC7D2C047D8A8 /* Pods_viperDemo_viperDemoUITests.framework */,
				8D3F5C8B969A1E5D66D034F3 /* Pods_viperDemoTests.framework */,
			);
			name = Frameworks;
			sourceTree = "<group>";
		};
		93058A8F1503070B89DC1E0E /* Pods */ = {
			isa = PBXGroup;
			children = (
				43B34F5EAE0CEA1ED347BA47 /* Pods-viperDemo.debug.xcconfig */,
				E4E17202C45DCB6DDDB18CE9 /* Pods-viperDemo.release.xcconfig */,
				25228C1A5177E23A0DBA2CD7 /* Pods-viperDemo-viperDemoUITests.debug.xcconfig */,
				D64BEDC78DFED6F2A3A85F12 /* Pods-viperDemo-viperDemoUITests.release.xcconfig */,
				B1BC5A2F91611CB91045C2E6 /* Pods-viperDemoTests.debug.xcconfig */,
				1FB3323639A869B843DEF729 /* Pods-viperDemoTests.release.xcconfig */,
			);
			path = Pods;
			sourceTree = "<group>";
		};
/* End PBXGroup section */

/* Begin PBXNativeTarget section */
		0056AAFF24A795C9006A9195 /* viperDemo */ = {
			isa = PBXNativeTarget;
			buildConfigurationList = 0056AB2D24A795CC006A9195 /* Build configuration list for PBXNativeTarget "viperDemo" */;
			buildPhases = (
				CB550783CB36409CD03B52EF /* [CP] Check Pods Manifest.lock */,
				0056AAFC24A795C9006A9195 /* Sources */,
				0056AAFD24A795C9006A9195 /* Frameworks */,
				0056AAFE24A795C9006A9195 /* Resources */,
				44A77AA65B557A1F021A437C /* [CP] Embed Pods Frameworks */,
			);
			buildRules = (
			);
			dependencies = (
			);
			name = viperDemo;
			productName = viperDemo;
			productReference = 0056AB0024A795CA006A9195 /* viperDemo.app */;
			productType = "com.apple.product-type.application";
		};
		0056AB1824A795CC006A9195 /* viperDemoTests */ = {
			isa = PBXNativeTarget;
			buildConfigurationList = 0056AB3024A795CC006A9195 /* Build configuration list for PBXNativeTarget "viperDemoTests" */;
			buildPhases = (
				6C5CFEB2C49720E43EEE1956 /* [CP] Check Pods Manifest.lock */,
				0056AB1524A795CC006A9195 /* Sources */,
				0056AB1624A795CC006A9195 /* Frameworks */,
				0056AB1724A795CC006A9195 /* Resources */,
			);
			buildRules = (
			);
			dependencies = (
				0056AB1B24A795CC006A9195 /* PBXTargetDependency */,
			);
			name = viperDemoTests;
			productName = viperDemoTests;
			productReference = 0056AB1924A795CC006A9195 /* viperDemoTests.xctest */;
			productType = "com.apple.product-type.bundle.unit-test";
		};
		0056AB2324A795CC006A9195 /* viperDemoUITests */ = {
			isa = PBXNativeTarget;
			buildConfigurationList = 0056AB3324A795CC006A9195 /* Build configuration list for PBXNativeTarget "viperDemoUITests" */;
			buildPhases = (
				C5C6ADB7C7612C5B33C857A0 /* [CP] Check Pods Manifest.lock */,
				0056AB2024A795CC006A9195 /* Sources */,
				0056AB2124A795CC006A9195 /* Frameworks */,
				0056AB2224A795CC006A9195 /* Resources */,
				86EAA350C7C678BF9BD4B791 /* [CP] Embed Pods Frameworks */,
			);
			buildRules = (
			);
			dependencies = (
				0056AB2624A795CC006A9195 /* PBXTargetDependency */,
			);
			name = viperDemoUITests;
			productName = viperDemoUITests;
			productReference = 0056AB2424A795CC006A9195 /* viperDemoUITests.xctest */;
			productType = "com.apple.product-type.bundle.ui-testing";
		};
/* End PBXNativeTarget section */

/* Begin PBXProject section */
		0056AAF824A795C9006A9195 /* Project object */ = {
			isa = PBXProject;
			attributes = {
				LastSwiftUpdateCheck = 1120;
				LastUpgradeCheck = 1120;
				ORGANIZATIONNAME = Taha;
				TargetAttributes = {
					0056AAFF24A795C9006A9195 = {
						CreatedOnToolsVersion = 11.2.1;
					};
					0056AB1824A795CC006A9195 = {
						CreatedOnToolsVersion = 11.2.1;
						TestTargetID = 0056AAFF24A795C9006A9195;
					};
					0056AB2324A795CC006A9195 = {
						CreatedOnToolsVersion = 11.2.1;
						TestTargetID = 0056AAFF24A795C9006A9195;
					};
				};
			};
			buildConfigurationList = 0056AAFB24A795C9006A9195 /* Build configuration list for PBXProject "viperDemo" */;
			compatibilityVersion = "Xcode 9.3";
			developmentRegion = en;
			hasScannedForEncodings = 0;
			knownRegions = (
				en,
				Base,
			);
			mainGroup = 0056AAF724A795C9006A9195;
			productRefGroup = 0056AB0124A795CA006A9195 /* Products */;
			projectDirPath = "";
			projectRoot = "";
			targets = (
				0056AAFF24A795C9006A9195 /* viperDemo */,
				0056AB1824A795CC006A9195 /* viperDemoTests */,
				0056AB2324A795CC006A9195 /* viperDemoUITests */,
			);
		};
/* End PBXProject section */

/* Begin PBXResourcesBuildPhase section */
		0056AAFE24A795C9006A9195 /* Resources */ = {
			isa = PBXResourcesBuildPhase;
			buildActionMask = 2147483647;
			files = (
				0056AB1324A795CB006A9195 /* LaunchScreen.storyboard in Resources */,
				0056AB1024A795CB006A9195 /* Assets.xcassets in Resources */,
				0056AB0B24A795CA006A9195 /* Main.storyboard in Resources */,
			);
			runOnlyForDeploymentPostprocessing = 0;
		};
		0056AB1724A795CC006A9195 /* Resources */ = {
			isa = PBXResourcesBuildPhase;
			buildActionMask = 2147483647;
			files = (
			);
			runOnlyForDeploymentPostprocessing = 0;
		};
		0056AB2224A795CC006A9195 /* Resources */ = {
			isa = PBXResourcesBuildPhase;
			buildActionMask = 2147483647;
			files = (
			);
			runOnlyForDeploymentPostprocessing = 0;
		};
/* End PBXResourcesBuildPhase section */

/* Begin PBXShellScriptBuildPhase section */
		44A77AA65B557A1F021A437C /* [CP] Embed Pods Frameworks */ = {
			isa = PBXShellScriptBuildPhase;
			buildActionMask = 2147483647;
			files = (
			);
			inputFileListPaths = (
				"${PODS_ROOT}/Target Support Files/Pods-viperDemo/Pods-viperDemo-frameworks-${CONFIGURATION}-input-files.xcfilelist",
			);
			name = "[CP] Embed Pods Frameworks";
			outputFileListPaths = (
				"${PODS_ROOT}/Target Support Files/Pods-viperDemo/Pods-viperDemo-frameworks-${CONFIGURATION}-output-files.xcfilelist",
			);
			runOnlyForDeploymentPostprocessing = 0;
			shellPath = /bin/sh;
			shellScript = "\"${PODS_ROOT}/Target Support Files/Pods-viperDemo/Pods-viperDemo-frameworks.sh\"\n";
			showEnvVarsInLog = 0;
		};
		6C5CFEB2C49720E43EEE1956 /* [CP] Check Pods Manifest.lock */ = {
			isa = PBXShellScriptBuildPhase;
			buildActionMask = 2147483647;
			files = (
			);
			inputFileListPaths = (
			);
			inputPaths = (
				"${PODS_PODFILE_DIR_PATH}/Podfile.lock",
				"${PODS_ROOT}/Manifest.lock",
			);
			name = "[CP] Check Pods Manifest.lock";
			outputFileListPaths = (
			);
			outputPaths = (
				"$(DERIVED_FILE_DIR)/Pods-viperDemoTests-checkManifestLockResult.txt",
			);
			runOnlyForDeploymentPostprocessing = 0;
			shellPath = /bin/sh;
			shellScript = "diff \"${PODS_PODFILE_DIR_PATH}/Podfile.lock\" \"${PODS_ROOT}/Manifest.lock\" > /dev/null\nif [ $? != 0 ] ; then\n    # print error to STDERR\n    echo \"error: The sandbox is not in sync with the Podfile.lock. Run 'pod install' or update your CocoaPods installation.\" >&2\n    exit 1\nfi\n# This output is used by Xcode 'outputs' to avoid re-running this script phase.\necho \"SUCCESS\" > \"${SCRIPT_OUTPUT_FILE_0}\"\n";
			showEnvVarsInLog = 0;
		};
		86EAA350C7C678BF9BD4B791 /* [CP] Embed Pods Frameworks */ = {
			isa = PBXShellScriptBuildPhase;
			buildActionMask = 2147483647;
			files = (
			);
			inputFileListPaths = (
				"${PODS_ROOT}/Target Support Files/Pods-viperDemo-viperDemoUITests/Pods-viperDemo-viperDemoUITests-frameworks-${CONFIGURATION}-input-files.xcfilelist",
			);
			name = "[CP] Embed Pods Frameworks";
			outputFileListPaths = (
				"${PODS_ROOT}/Target Support Files/Pods-viperDemo-viperDemoUITests/Pods-viperDemo-viperDemoUITests-frameworks-${CONFIGURATION}-output-files.xcfilelist",
			);
			runOnlyForDeploymentPostprocessing = 0;
			shellPath = /bin/sh;
			shellScript = "\"${PODS_ROOT}/Target Support Files/Pods-viperDemo-viperDemoUITests/Pods-viperDemo-viperDemoUITests-frameworks.sh\"\n";
			showEnvVarsInLog = 0;
		};
		C5C6ADB7C7612C5B33C857A0 /* [CP] Check Pods Manifest.lock */ = {
			isa = PBXShellScriptBuildPhase;
			buildActionMask = 2147483647;
			files = (
			);
			inputFileListPaths = (
			);
			inputPaths = (
				"${PODS_PODFILE_DIR_PATH}/Podfile.lock",
				"${PODS_ROOT}/Manifest.lock",
			);
			name = "[CP] Check Pods Manifest.lock";
			outputFileListPaths = (
			);
			outputPaths = (
				"$(DERIVED_FILE_DIR)/Pods-viperDemo-viperDemoUITests-checkManifestLockResult.txt",
			);
			runOnlyForDeploymentPostprocessing = 0;
			shellPath = /bin/sh;
			shellScript = "diff \"${PODS_PODFILE_DIR_PATH}/Podfile.lock\" \"${PODS_ROOT}/Manifest.lock\" > /dev/null\nif [ $? != 0 ] ; then\n    # print error to STDERR\n    echo \"error: The sandbox is not in sync with the Podfile.lock. Run 'pod install' or update your CocoaPods installation.\" >&2\n    exit 1\nfi\n# This output is used by Xcode 'outputs' to avoid re-running this script phase.\necho \"SUCCESS\" > \"${SCRIPT_OUTPUT_FILE_0}\"\n";
			showEnvVarsInLog = 0;
		};
		CB550783CB36409CD03B52EF /* [CP] Check Pods Manifest.lock */ = {
			isa = PBXShellScriptBuildPhase;
			buildActionMask = 2147483647;
			files = (
			);
			inputFileListPaths = (
			);
			inputPaths = (
				"${PODS_PODFILE_DIR_PATH}/Podfile.lock",
				"${PODS_ROOT}/Manifest.lock",
			);
			name = "[CP] Check Pods Manifest.lock";
			outputFileListPaths = (
			);
			outputPaths = (
				"$(DERIVED_FILE_DIR)/Pods-viperDemo-checkManifestLockResult.txt",
			);
			runOnlyForDeploymentPostprocessing = 0;
			shellPath = /bin/sh;
			shellScript = "diff \"${PODS_PODFILE_DIR_PATH}/Podfile.lock\" \"${PODS_ROOT}/Manifest.lock\" > /dev/null\nif [ $? != 0 ] ; then\n    # print error to STDERR\n    echo \"error: The sandbox is not in sync with the Podfile.lock. Run 'pod install' or update your CocoaPods installation.\" >&2\n    exit 1\nfi\n# This output is used by Xcode 'outputs' to avoid re-running this script phase.\necho \"SUCCESS\" > \"${SCRIPT_OUTPUT_FILE_0}\"\n";
			showEnvVarsInLog = 0;
		};
/* End PBXShellScriptBuildPhase section */

/* Begin PBXSourcesBuildPhase section */
		0056AAFC24A795C9006A9195 /* Sources */ = {
			isa = PBXSourcesBuildPhase;
			buildActionMask = 2147483647;
			files = (
				004872E424A7FD7B0004F647 /* ArticleTableViewCell.swift in Sources */,
				0056AB0824A795CA006A9195 /* ViewController.swift in Sources */,
				004872DA24A7FBD10004F647 /* articlesModels.swift in Sources */,
				0056AB0E24A795CA006A9195 /* viperDemo.xcdatamodeld in Sources */,
				0027789424A8905E00AF2C9B /* detailedArticles.swift in Sources */,
				004872E824A7FF6E0004F647 /* constants.swift in Sources */,
				004872DC24A7FC290004F647 /* ArticlePresenter.swift in Sources */,
				0027789724A8947300AF2C9B /* navigations.swift in Sources */,
				004872DE24A7FC9D0004F647 /* ArticlesRouter.swift in Sources */,
				0027789F24A89F9100AF2C9B /* detailedInteractor.swift in Sources */,
				004872E224A7FCBC0004F647 /* ArticleBuilder.swift in Sources */,
				004872E024A7FCAF0004F647 /* ArticlesInteractor.swift in Sources */,
				004872EB24A804560004F647 /* services.swift in Sources */,
				004F5A1224A9277400022199 /* detailedBuilder.swift in Sources */,
				0027789D24A89F8200AF2C9B /* detailedRouter.swift in Sources */,
				0027789B24A89F6C00AF2C9B /* presenter.swift in Sources */,
				0056AB0424A795CA006A9195 /* AppDelegate.swift in Sources */,
				0056AB0624A795CA006A9195 /* SceneDelegate.swift in Sources */,
			);
			runOnlyForDeploymentPostprocessing = 0;
		};
		0056AB1524A795CC006A9195 /* Sources */ = {
			isa = PBXSourcesBuildPhase;
			buildActionMask = 2147483647;
			files = (
				0056AB1E24A795CC006A9195 /* viperDemoTests.swift in Sources */,
			);
			runOnlyForDeploymentPostprocessing = 0;
		};
		0056AB2024A795CC006A9195 /* Sources */ = {
			isa = PBXSourcesBuildPhase;
			buildActionMask = 2147483647;
			files = (
				0056AB2924A795CC006A9195 /* viperDemoUITests.swift in Sources */,
			);
			runOnlyForDeploymentPostprocessing = 0;
		};
/* End PBXSourcesBuildPhase section */

/* Begin PBXTargetDependency section */
		0056AB1B24A795CC006A9195 /* PBXTargetDependency */ = {
			isa = PBXTargetDependency;
			target = 0056AAFF24A795C9006A9195 /* viperDemo */;
			targetProxy = 0056AB1A24A795CC006A9195 /* PBXContainerItemProxy */;
		};
		0056AB2624A795CC006A9195 /* PBXTargetDependency */ = {
			isa = PBXTargetDependency;
			target = 0056AAFF24A795C9006A9195 /* viperDemo */;
			targetProxy = 0056AB2524A795CC006A9195 /* PBXContainerItemProxy */;
		};
/* End PBXTargetDependency section */

/* Begin PBXVariantGroup section */
		0056AB0924A795CA006A9195 /* Main.storyboard */ = {
			isa = PBXVariantGroup;
			children = (
				0056AB0A24A795CA006A9195 /* Base */,
			);
			name = Main.storyboard;
			sourceTree = "<group>";
		};
		0056AB1124A795CB006A9195 /* LaunchScreen.storyboard */ = {
			isa = PBXVariantGroup;
			children = (
				0056AB1224A795CB006A9195 /* Base */,
			);
			name = LaunchScreen.storyboard;
			sourceTree = "<group>";
		};
/* End PBXVariantGroup section */

/* Begin XCBuildConfiguration section */
		0056AB2B24A795CC006A9195 /* Debug */ = {
			isa = XCBuildConfiguration;
			buildSettings = {
				ALWAYS_SEARCH_USER_PATHS = NO;
				CLANG_ANALYZER_NONNULL = YES;
				CLANG_ANALYZER_NUMBER_OBJECT_CONVERSION = YES_AGGRESSIVE;
				CLANG_CXX_LANGUAGE_STANDARD = "gnu++14";
				CLANG_CXX_LIBRARY = "libc++";
				CLANG_ENABLE_MODULES = YES;
				CLANG_ENABLE_OBJC_ARC = YES;
				CLANG_ENABLE_OBJC_WEAK = YES;
				CLANG_WARN_BLOCK_CAPTURE_AUTORELEASING = YES;
				CLANG_WARN_BOOL_CONVERSION = YES;
				CLANG_WARN_COMMA = YES;
				CLANG_WARN_CONSTANT_CONVERSION = YES;
				CLANG_WARN_DEPRECATED_OBJC_IMPLEMENTATIONS = YES;
				CLANG_WARN_DIRECT_OBJC_ISA_USAGE = YES_ERROR;
				CLANG_WARN_DOCUMENTATION_COMMENTS = YES;
				CLANG_WARN_EMPTY_BODY = YES;
				CLANG_WARN_ENUM_CONVERSION = YES;
				CLANG_WARN_INFINITE_RECURSION = YES;
				CLANG_WARN_INT_CONVERSION = YES;
				CLANG_WARN_NON_LITERAL_NULL_CONVERSION = YES;
				CLANG_WARN_OBJC_IMPLICIT_RETAIN_SELF = YES;
				CLANG_WARN_OBJC_LITERAL_CONVERSION = YES;
				CLANG_WARN_OBJC_ROOT_CLASS = YES_ERROR;
				CLANG_WARN_RANGE_LOOP_ANALYSIS = YES;
				CLANG_WARN_STRICT_PROTOTYPES = YES;
				CLANG_WARN_SUSPICIOUS_MOVE = YES;
				CLANG_WARN_UNGUARDED_AVAILABILITY = YES_AGGRESSIVE;
				CLANG_WARN_UNREACHABLE_CODE = YES;
				CLANG_WARN__DUPLICATE_METHOD_MATCH = YES;
				COPY_PHASE_STRIP = NO;
				DEBUG_INFORMATION_FORMAT = dwarf;
				ENABLE_STRICT_OBJC_MSGSEND = YES;
				ENABLE_TESTABILITY = YES;
				GCC_C_LANGUAGE_STANDARD = gnu11;
				GCC_DYNAMIC_NO_PIC = NO;
				GCC_NO_COMMON_BLOCKS = YES;
				GCC_OPTIMIZATION_LEVEL = 0;
				GCC_PREPROCESSOR_DEFINITIONS = (
					"DEBUG=1",
					"$(inherited)",
				);
				GCC_WARN_64_TO_32_BIT_CONVERSION = YES;
				GCC_WARN_ABOUT_RETURN_TYPE = YES_ERROR;
				GCC_WARN_UNDECLARED_SELECTOR = YES;
				GCC_WARN_UNINITIALIZED_AUTOS = YES_AGGRESSIVE;
				GCC_WARN_UNUSED_FUNCTION = YES;
				GCC_WARN_UNUSED_VARIABLE = YES;
				IPHONEOS_DEPLOYMENT_TARGET = 13.2;
				MTL_ENABLE_DEBUG_INFO = INCLUDE_SOURCE;
				MTL_FAST_MATH = YES;
				ONLY_ACTIVE_ARCH = YES;
				SDKROOT = iphoneos;
				SWIFT_ACTIVE_COMPILATION_CONDITIONS = DEBUG;
				SWIFT_OPTIMIZATION_LEVEL = "-Onone";
			};
			name = Debug;
		};
		0056AB2C24A795CC006A9195 /* Release */ = {
			isa = XCBuildConfiguration;
			buildSettings = {
				ALWAYS_SEARCH_USER_PATHS = NO;
				CLANG_ANALYZER_NONNULL = YES;
				CLANG_ANALYZER_NUMBER_OBJECT_CONVERSION = YES_AGGRESSIVE;
				CLANG_CXX_LANGUAGE_STANDARD = "gnu++14";
				CLANG_CXX_LIBRARY = "libc++";
				CLANG_ENABLE_MODULES = YES;
				CLANG_ENABLE_OBJC_ARC = YES;
				CLANG_ENABLE_OBJC_WEAK = YES;
				CLANG_WARN_BLOCK_CAPTURE_AUTORELEASING = YES;
				CLANG_WARN_BOOL_CONVERSION = YES;
				CLANG_WARN_COMMA = YES;
				CLANG_WARN_CONSTANT_CONVERSION = YES;
				CLANG_WARN_DEPRECATED_OBJC_IMPLEMENTATIONS = YES;
				CLANG_WARN_DIRECT_OBJC_ISA_USAGE = YES_ERROR;
				CLANG_WARN_DOCUMENTATION_COMMENTS = YES;
				CLANG_WARN_EMPTY_BODY = YES;
				CLANG_WARN_ENUM_CONVERSION = YES;
				CLANG_WARN_INFINITE_RECURSION = YES;
				CLANG_WARN_INT_CONVERSION = YES;
				CLANG_WARN_NON_LITERAL_NULL_CONVERSION = YES;
				CLANG_WARN_OBJC_IMPLICIT_RETAIN_SELF = YES;
				CLANG_WARN_OBJC_LITERAL_CONVERSION = YES;
				CLANG_WARN_OBJC_ROOT_CLASS = YES_ERROR;
				CLANG_WARN_RANGE_LOOP_ANALYSIS = YES;
				CLANG_WARN_STRICT_PROTOTYPES = YES;
				CLANG_WARN_SUSPICIOUS_MOVE = YES;
				CLANG_WARN_UNGUARDED_AVAILABILITY = YES_AGGRESSIVE;
				CLANG_WARN_UNREACHABLE_CODE = YES;
				CLANG_WARN__DUPLICATE_METHOD_MATCH = YES;
				COPY_PHASE_STRIP = NO;
				DEBUG_INFORMATION_FORMAT = "dwarf-with-dsym";
				ENABLE_NS_ASSERTIONS = NO;
				ENABLE_STRICT_OBJC_MSGSEND = YES;
				GCC_C_LANGUAGE_STANDARD = gnu11;
				GCC_NO_COMMON_BLOCKS = YES;
				GCC_WARN_64_TO_32_BIT_CONVERSION = YES;
				GCC_WARN_ABOUT_RETURN_TYPE = YES_ERROR;
				GCC_WARN_UNDECLARED_SELECTOR = YES;
				GCC_WARN_UNINITIALIZED_AUTOS = YES_AGGRESSIVE;
				GCC_WARN_UNUSED_FUNCTION = YES;
				GCC_WARN_UNUSED_VARIABLE = YES;
				IPHONEOS_DEPLOYMENT_TARGET = 13.2;
				MTL_ENABLE_DEBUG_INFO = NO;
				MTL_FAST_MATH = YES;
				SDKROOT = iphoneos;
				SWIFT_COMPILATION_MODE = wholemodule;
				SWIFT_OPTIMIZATION_LEVEL = "-O";
				VALIDATE_PRODUCT = YES;
			};
			name = Release;
		};
		0056AB2E24A795CC006A9195 /* Debug */ = {
			isa = XCBuildConfiguration;
			baseConfigurationReference = 43B34F5EAE0CEA1ED347BA47 /* Pods-viperDemo.debug.xcconfig */;
			buildSettings = {
				ASSETCATALOG_COMPILER_APPICON_NAME = AppIcon;
				CODE_SIGN_STYLE = Automatic;
				DEVELOPMENT_TEAM = 4KP7P7XSCQ;
				INFOPLIST_FILE = viperDemo/Info.plist;
				LD_RUNPATH_SEARCH_PATHS = (
					"$(inherited)",
					"@executable_path/Frameworks",
				);
				PRODUCT_BUNDLE_IDENTIFIER = Taha.viperDemo;
				PRODUCT_NAME = "$(TARGET_NAME)";
				SWIFT_VERSION = 5.0;
				TARGETED_DEVICE_FAMILY = "1,2";
			};
			name = Debug;
		};
		0056AB2F24A795CC006A9195 /* Release */ = {
			isa = XCBuildConfiguration;
			baseConfigurationReference = E4E17202C45DCB6DDDB18CE9 /* Pods-viperDemo.release.xcconfig */;
			buildSettings = {
				ASSETCATALOG_COMPILER_APPICON_NAME = AppIcon;
				CODE_SIGN_STYLE = Automatic;
				DEVELOPMENT_TEAM = 4KP7P7XSCQ;
				INFOPLIST_FILE = viperDemo/Info.plist;
				LD_RUNPATH_SEARCH_PATHS = (
					"$(inherited)",
					"@executable_path/Frameworks",
				);
				PRODUCT_BUNDLE_IDENTIFIER = Taha.viperDemo;
				PRODUCT_NAME = "$(TARGET_NAME)";
				SWIFT_VERSION = 5.0;
				TARGETED_DEVICE_FAMILY = "1,2";
			};
			name = Release;
		};
		0056AB3124A795CC006A9195 /* Debug */ = {
			isa = XCBuildConfiguration;
			baseConfigurationReference = B1BC5A2F91611CB91045C2E6 /* Pods-viperDemoTests.debug.xcconfig */;
			buildSettings = {
				ALWAYS_EMBED_SWIFT_STANDARD_LIBRARIES = YES;
				BUNDLE_LOADER = "$(TEST_HOST)";
				CODE_SIGN_STYLE = Automatic;
				DEVELOPMENT_TEAM = 4KP7P7XSCQ;
				INFOPLIST_FILE = viperDemoTests/Info.plist;
				IPHONEOS_DEPLOYMENT_TARGET = 13.2;
				LD_RUNPATH_SEARCH_PATHS = (
					"$(inherited)",
					"@executable_path/Frameworks",
					"@loader_path/Frameworks",
				);
				PRODUCT_BUNDLE_IDENTIFIER = Taha.viperDemoTests;
				PRODUCT_NAME = "$(TARGET_NAME)";
				SWIFT_VERSION = 5.0;
				TARGETED_DEVICE_FAMILY = "1,2";
				TEST_HOST = "$(BUILT_PRODUCTS_DIR)/viperDemo.app/viperDemo";
			};
			name = Debug;
		};
		0056AB3224A795CC006A9195 /* Release */ = {
			isa = XCBuildConfiguration;
			baseConfigurationReference = 1FB3323639A869B843DEF729 /* Pods-viperDemoTests.release.xcconfig */;
			buildSettings = {
				ALWAYS_EMBED_SWIFT_STANDARD_LIBRARIES = YES;
				BUNDLE_LOADER = "$(TEST_HOST)";
				CODE_SIGN_STYLE = Automatic;
				DEVELOPMENT_TEAM = 4KP7P7XSCQ;
				INFOPLIST_FILE = viperDemoTests/Info.plist;
				IPHONEOS_DEPLOYMENT_TARGET = 13.2;
				LD_RUNPATH_SEARCH_PATHS = (
					"$(inherited)",
					"@executable_path/Frameworks",
					"@loader_path/Frameworks",
				);
				PRODUCT_BUNDLE_IDENTIFIER = Taha.viperDemoTests;
				PRODUCT_NAME = "$(TARGET_NAME)";
				SWIFT_VERSION = 5.0;
				TARGETED_DEVICE_FAMILY = "1,2";
				TEST_HOST = "$(BUILT_PRODUCTS_DIR)/viperDemo.app/viperDemo";
			};
			name = Release;
		};
		0056AB3424A795CC006A9195 /* Debug */ = {
			isa = XCBuildConfiguration;
			baseConfigurationReference = 25228C1A5177E23A0DBA2CD7 /* Pods-viperDemo-viperDemoUITests.debug.xcconfig */;
			buildSettings = {
				ALWAYS_EMBED_SWIFT_STANDARD_LIBRARIES = YES;
				CODE_SIGN_STYLE = Automatic;
				DEVELOPMENT_TEAM = 4KP7P7XSCQ;
				INFOPLIST_FILE = viperDemoUITests/Info.plist;
				LD_RUNPATH_SEARCH_PATHS = (
					"$(inherited)",
					"@executable_path/Frameworks",
					"@loader_path/Frameworks",
				);
				PRODUCT_BUNDLE_IDENTIFIER = Taha.viperDemoUITests;
				PRODUCT_NAME = "$(TARGET_NAME)";
				SWIFT_VERSION = 5.0;
				TARGETED_DEVICE_FAMILY = "1,2";
				TEST_TARGET_NAME = viperDemo;
			};
			name = Debug;
		};
		0056AB3524A795CC006A9195 /* Release */ = {
			isa = XCBuildConfiguration;
			baseConfigurationReference = D64BEDC78DFED6F2A3A85F12 /* Pods-viperDemo-viperDemoUITests.release.xcconfig */;
			buildSettings = {
				ALWAYS_EMBED_SWIFT_STANDARD_LIBRARIES = YES;
				CODE_SIGN_STYLE = Automatic;
				DEVELOPMENT_TEAM = 4KP7P7XSCQ;
				INFOPLIST_FILE = viperDemoUITests/Info.plist;
				LD_RUNPATH_SEARCH_PATHS = (
					"$(inherited)",
					"@executable_path/Frameworks",
					"@loader_path/Frameworks",
				);
				PRODUCT_BUNDLE_IDENTIFIER = Taha.viperDemoUITests;
				PRODUCT_NAME = "$(TARGET_NAME)";
				SWIFT_VERSION = 5.0;
				TARGETED_DEVICE_FAMILY = "1,2";
				TEST_TARGET_NAME = viperDemo;
			};
			name = Release;
		};
/* End XCBuildConfiguration section */

/* Begin XCConfigurationList section */
		0056AAFB24A795C9006A9195 /* Build configuration list for PBXProject "viperDemo" */ = {
			isa = XCConfigurationList;
			buildConfigurations = (
				0056AB2B24A795CC006A9195 /* Debug */,
				0056AB2C24A795CC006A9195 /* Release */,
			);
			defaultConfigurationIsVisible = 0;
			defaultConfigurationName = Release;
		};
		0056AB2D24A795CC006A9195 /* Build configuration list for PBXNativeTarget "viperDemo" */ = {
			isa = XCConfigurationList;
			buildConfigurations = (
				0056AB2E24A795CC006A9195 /* Debug */,
				0056AB2F24A795CC006A9195 /* Release */,
			);
			defaultConfigurationIsVisible = 0;
			defaultConfigurationName = Release;
		};
		0056AB3024A795CC006A9195 /* Build configuration list for PBXNativeTarget "viperDemoTests" */ = {
			isa = XCConfigurationList;
			buildConfigurations = (
				0056AB3124A795CC006A9195 /* Debug */,
				0056AB3224A795CC006A9195 /* Release */,
			);
			defaultConfigurationIsVisible = 0;
			defaultConfigurationName = Release;
		};
		0056AB3324A795CC006A9195 /* Build configuration list for PBXNativeTarget "viperDemoUITests" */ = {
			isa = XCConfigurationList;
			buildConfigurations = (
				0056AB3424A795CC006A9195 /* Debug */,
				0056AB3524A795CC006A9195 /* Release */,
			);
			defaultConfigurationIsVisible = 0;
			defaultConfigurationName = Release;
		};
/* End XCConfigurationList section */

/* Begin XCVersionGroup section */
		0056AB0C24A795CA006A9195 /* viperDemo.xcdatamodeld */ = {
			isa = XCVersionGroup;
			children = (
				0056AB0D24A795CA006A9195 /* viperDemo.xcdatamodel */,
			);
			currentVersion = 0056AB0D24A795CA006A9195 /* viperDemo.xcdatamodel */;
			path = viperDemo.xcdatamodeld;
			sourceTree = "<group>";
			versionGroupType = wrapper.xcdatamodel;
		};
/* End XCVersionGroup section */
	};
	rootObject = 0056AAF824A795C9006A9195 /* Project object */;
}
